<?xml version="1.0" encoding="utf-8"?>
<Project ToolsVersion="4.0" xmlns="http://schemas.microsoft.com/developer/msbuild/2003">
  <ItemGroup>
    <ClCompile Include="Core\CGame.cpp">
      <Filter>Source\Core</Filter>
    </ClCompile>
    <ClCompile Include="Core\Window.cpp">
      <Filter>Source\Core</Filter>
    </ClCompile>
    <ClCompile Include="Main.cpp">
      <Filter>Source</Filter>
    </ClCompile>
    <ClCompile Include="Graphics\Graphics.cpp">
      <Filter>Source\Graphics</Filter>
    </ClCompile>
    <ClCompile Include="Graphics\TexturesManager.cpp">
      <Filter>Source\Graphics</Filter>
    </ClCompile>
    <ClCompile Include="Debugs\Debugs.cpp">
      <Filter>Source\Utils</Filter>
    </ClCompile>
    <ClCompile Include="Assets\Textures\EnemyTextures.cpp">
      <Filter>Source\Assets\Textures</Filter>
    </ClCompile>
    <ClCompile Include="Assets\Textures\MarioTextures.cpp">
      <Filter>Source\Assets\Textures</Filter>
    </ClCompile>
    <ClCompile Include="Assets\Textures\TileTextures.cpp">
      <Filter>Source\Assets\Textures</Filter>
    </ClCompile>
  </ItemGroup>
  <ItemGroup>
    <ClInclude Include="Core\CGame.h">
      <Filter>Header\Core</Filter>
    </ClInclude>
    <ClInclude Include="Core\Window.h">
      <Filter>Header\Core</Filter>
    </ClInclude>
    <ClInclude Include="Debugs\Debugs.h">
      <Filter>Header\Utils</Filter>
    </ClInclude>
    <ClInclude Include="Graphics\Graphics.h">
      <Filter>Header\Graphics</Filter>
    </ClInclude>
    <ClInclude Include="Graphics\TexturesManager.h">
      <Filter>Header\Graphics</Filter>
    </ClInclude>
    <ClInclude Include="Assets\Textures\EnemyTextures.h">
      <Filter>Header\Assets\Textures</Filter>
    </ClInclude>
    <ClInclude Include="Assets\Textures\MarioTextures.h">
      <Filter>Header\Assets\Textures</Filter>
    </ClInclude>
    <ClInclude Include="Assets\Textures\TileTextures.h">
      <Filter>Header\Assets\Textures</Filter>
    </ClInclude>
  </ItemGroup>
  <ItemGroup>
    <None Include="packages.config" />
  </ItemGroup>
  <ItemGroup>
    <Filter Include="Header">
      <UniqueIdentifier>{59040729-d53c-4e0d-a94c-e5ad140e4e55}</UniqueIdentifier>
    </Filter>
    <Filter Include="Header\Core">
      <UniqueIdentifier>{32679cac-18c0-462b-bf78-d3be485aed9f}</UniqueIdentifier>
    </Filter>
    <Filter Include="Header\Graphics">
      <UniqueIdentifier>{7caeea9e-c48b-4a8e-b0fa-9e00125f979d}</UniqueIdentifier>
    </Filter>
    <Filter Include="Header\Utils">
      <UniqueIdentifier>{047cf5f3-bec5-47a8-b3f1-a0f7671c6a67}</UniqueIdentifier>
    </Filter>
    <Filter Include="Header\Assets">
      <UniqueIdentifier>{8ce56f54-943e-40c0-90a7-11841d2cb8ea}</UniqueIdentifier>
    </Filter>
    <Filter Include="Source">
      <UniqueIdentifier>{ce99fc3b-ffc7-4a6d-967e-25ce623376ac}</UniqueIdentifier>
    </Filter>
    <Filter Include="Source\Core">
      <UniqueIdentifier>{8866f712-c05e-4e6c-b9f6-0c70b08b539e}</UniqueIdentifier>
    </Filter>
    <Filter Include="Source\Graphics">
      <UniqueIdentifier>{6e1470d8-1edd-4b73-b601-9b670ec2dae4}</UniqueIdentifier>
    </Filter>
    <Filter Include="Source\Utils">
      <UniqueIdentifier>{35d201e7-e23c-4445-a130-287f38c316f3}</UniqueIdentifier>
    </Filter>
    <Filter Include="Source\Assets">
      <UniqueIdentifier>{24866cfd-7a69-4395-b09e-2904955a5fb3}</UniqueIdentifier>
    </Filter>
    <Filter Include="Resource">
      <UniqueIdentifier>{84d728d0-099a-443c-8223-1411f336be3f}</UniqueIdentifier>
    </Filter>
    <Filter Include="Resource\Texture">
      <UniqueIdentifier>{ecb63933-3b7d-4ce5-8fea-6159af5836b6}</UniqueIdentifier>
    </Filter>
    <Filter Include="Header\Assets\Animations">
      <UniqueIdentifier>{55105446-8de5-472e-9642-8b9797c2f7ce}</UniqueIdentifier>
    </Filter>
    <Filter Include="Header\Assets\Sprites">
      <UniqueIdentifier>{31d37b0e-ed23-4000-88c6-65a9888c4422}</UniqueIdentifier>
    </Filter>
    <Filter Include="Header\Assets\Textures">
      <UniqueIdentifier>{336b8165-f987-44b9-a8a7-3ec9070cbc4e}</UniqueIdentifier>
    </Filter>
    <Filter Include="Source\Assets\Sprites">
      <UniqueIdentifier>{ba5257b9-c488-43c2-bfbe-f12da4bd907d}</UniqueIdentifier>
    </Filter>
    <Filter Include="Source\Assets\Textures">
      <UniqueIdentifier>{e91ddac5-9cc8-4c90-8d3e-30880d140991}</UniqueIdentifier>
    </Filter>
    <Filter Include="Source\Assets\Animations">
      <UniqueIdentifier>{74d74675-4dcc-449c-96c6-e5df9309535d}</UniqueIdentifier>
    </Filter>
    <Filter Include="Header\Assets\Screens">
      <UniqueIdentifier>{f8b6866d-006c-47a5-bcf1-bce2da4e25fe}</UniqueIdentifier>
    </Filter>
    <Filter Include="Source\Assets\Screens">
      <UniqueIdentifier>{25fbd77f-b088-4867-bcae-c3089f0a6f93}</UniqueIdentifier>
    </Filter>
    <Filter Include="Header\Assets\GameObjects">
      <UniqueIdentifier>{f728218f-9308-4409-80fb-5b038c360fe0}</UniqueIdentifier>
    </Filter>
    <Filter Include="Source\Assets\GameObjects">
      <UniqueIdentifier>{6ebb310a-9563-4e70-9a23-e43485cb5f55}</UniqueIdentifier>
    </Filter>
  </ItemGroup>
  <ItemGroup>
    <Image Include="mario.ico">
      <Filter>Resource</Filter>
    </Image>
    <Image Include="Resource\enemies.png">
      <Filter>Resource\Texture</Filter>
    </Image>
    <Image Include="Resource\mario.png">
      <Filter>Resource\Texture</Filter>
    </Image>
    <Image Include="Resource\misc.png">
      <Filter>Resource\Texture</Filter>
    </Image>
  </ItemGroup>
</Project>